// !$*UTF8*$!
{
	archiveVersion = 1;
	classes = {
	};
	objectVersion = 56;
	objects = {

/* Begin PBXBuildFile section */
		46DEC91A2CA71AE2007C9795 /* aula_08App.swift in Sources */ = {isa = PBXBuildFile; fileRef = 46DEC9192CA71AE2007C9795 /* aula_08App.swift */; };
		46DEC91C2CA71AE2007C9795 /* ContentView.swift in Sources */ = {isa = PBXBuildFile; fileRef = 46DEC91B2CA71AE2007C9795 /* ContentView.swift */; };
		46DEC91E2CA71AE3007C9795 /* Assets.xcassets in Resources */ = {isa = PBXBuildFile; fileRef = 46DEC91D2CA71AE3007C9795 /* Assets.xcassets */; };
		46DEC9212CA71AE3007C9795 /* Preview Assets.xcassets in Resources */ = {isa = PBXBuildFile; fileRef = 46DEC9202CA71AE3007C9795 /* Preview Assets.xcassets */; };
		46DEC92B2CA71AE4007C9795 /* aula_08Tests.swift in Sources */ = {isa = PBXBuildFile; fileRef = 46DEC92A2CA71AE4007C9795 /* aula_08Tests.swift */; };
		46DEC9352CA71AE4007C9795 /* aula_08UITests.swift in Sources */ = {isa = PBXBuildFile; fileRef = 46DEC9342CA71AE4007C9795 /* aula_08UITests.swift */; };
		46DEC9372CA71AE4007C9795 /* aula_08UITestsLaunchTests.swift in Sources */ = {isa = PBXBuildFile; fileRef = 46DEC9362CA71AE4007C9795 /* aula_08UITestsLaunchTests.swift */; };
		46DEC9462CA71CF7007C9795 /* model.swift in Sources */ = {isa = PBXBuildFile; fileRef = 46DEC9432CA71CE4007C9795 /* model.swift */; };
		46DEC9482CA71D4F007C9795 /* ViewModel.swift in Sources */ = {isa = PBXBuildFile; fileRef = 46DEC9472CA71D4F007C9795 /* ViewModel.swift */; };
		46DEC94A2CA72611007C9795 /* tela02.swift in Sources */ = {isa = PBXBuildFile; fileRef = 46DEC9492CA72611007C9795 /* tela02.swift */; };
/* End PBXBuildFile section */

/* Begin PBXContainerItemProxy section */
		46DEC9272CA71AE4007C9795 /* PBXContainerItemProxy */ = {
			isa = PBXContainerItemProxy;
			containerPortal = 46DEC90E2CA71AE2007C9795 /* Project object */;
			proxyType = 1;
			remoteGlobalIDString = 46DEC9152CA71AE2007C9795;
			remoteInfo = "aula 08";
		};
		46DEC9312CA71AE4007C9795 /* PBXContainerItemProxy */ = {
			isa = PBXContainerItemProxy;
			containerPortal = 46DEC90E2CA71AE2007C9795 /* Project object */;
			proxyType = 1;
			remoteGlobalIDString = 46DEC9152CA71AE2007C9795;
			remoteInfo = "aula 08";
		};
/* End PBXContainerItemProxy section */

/* Begin PBXFileReference section */
		46DEC9162CA71AE2007C9795 /* aula 08.app */ = {isa = PBXFileReference; explicitFileType = wrapper.application; includeInIndex = 0; path = "aula 08.app"; sourceTree = BUILT_PRODUCTS_DIR; };
		46DEC9192CA71AE2007C9795 /* aula_08App.swift */ = {isa = PBXFileReference; lastKnownFileType = sourcecode.swift; path = aula_08App.swift; sourceTree = "<group>"; };
		46DEC91B2CA71AE2007C9795 /* ContentView.swift */ = {isa = PBXFileReference; lastKnownFileType = sourcecode.swift; path = ContentView.swift; sourceTree = "<group>"; };
		46DEC91D2CA71AE3007C9795 /* Assets.xcassets */ = {isa = PBXFileReference; lastKnownFileType = folder.assetcatalog; path = Assets.xcassets; sourceTree = "<group>"; };
		46DEC9202CA71AE3007C9795 /* Preview Assets.xcassets */ = {isa = PBXFileReference; lastKnownFileType = folder.assetcatalog; path = "Preview Assets.xcassets"; sourceTree = "<group>"; };
		46DEC9262CA71AE4007C9795 /* aula 08Tests.xctest */ = {isa = PBXFileReference; explicitFileType = wrapper.cfbundle; includeInIndex = 0; path = "aula 08Tests.xctest"; sourceTree = BUILT_PRODUCTS_DIR; };
		46DEC92A2CA71AE4007C9795 /* aula_08Tests.swift */ = {isa = PBXFileReference; lastKnownFileType = sourcecode.swift; path = aula_08Tests.swift; sourceTree = "<group>"; };
		46DEC9302CA71AE4007C9795 /* aula 08UITests.xctest */ = {isa = PBXFileReference; explicitFileType = wrapper.cfbundle; includeInIndex = 0; path = "aula 08UITests.xctest"; sourceTree = BUILT_PRODUCTS_DIR; };
		46DEC9342CA71AE4007C9795 /* aula_08UITests.swift */ = {isa = PBXFileReference; lastKnownFileType = sourcecode.swift; path = aula_08UITests.swift; sourceTree = "<group>"; };
		46DEC9362CA71AE4007C9795 /* aula_08UITestsLaunchTests.swift */ = {isa = PBXFileReference; lastKnownFileType = sourcecode.swift; path = aula_08UITestsLaunchTests.swift; sourceTree = "<group>"; };
		46DEC9432CA71CE4007C9795 /* model.swift */ = {isa = PBXFileReference; lastKnownFileType = sourcecode.swift; path = model.swift; sourceTree = "<group>"; };
		46DEC9472CA71D4F007C9795 /* ViewModel.swift */ = {isa = PBXFileReference; lastKnownFileType = sourcecode.swift; path = ViewModel.swift; sourceTree = "<group>"; };
		46DEC9492CA72611007C9795 /* tela02.swift */ = {isa = PBXFileReference; lastKnownFileType = sourcecode.swift; path = tela02.swift; sourceTree = "<group>"; };
/* End PBXFileReference section */

/* Begin PBXFrameworksBuildPhase section */
		46DEC9132CA71AE2007C9795 /* Frameworks */ = {
			isa = PBXFrameworksBuildPhase;
			buildActionMask = 2147483647;
			files = (
			);
			runOnlyForDeploymentPostprocessing = 0;
		};
		46DEC9232CA71AE4007C9795 /* Frameworks */ = {
			isa = PBXFrameworksBuildPhase;
			buildActionMask = 2147483647;
			files = (
			);
			runOnlyForDeploymentPostprocessing = 0;
		};
		46DEC92D2CA71AE4007C9795 /* Frameworks */ = {
			isa = PBXFrameworksBuildPhase;
			buildActionMask = 2147483647;
			files = (
			);
			runOnlyForDeploymentPostprocessing = 0;
		};
/* End PBXFrameworksBuildPhase section */

/* Begin PBXGroup section */
		46DEC90D2CA71AE2007C9795 = {
			isa = PBXGroup;
			children = (
				46DEC9182CA71AE2007C9795 /* aula 08 */,
				46DEC9292CA71AE4007C9795 /* aula 08Tests */,
				46DEC9332CA71AE4007C9795 /* aula 08UITests */,
				46DEC9172CA71AE2007C9795 /* Products */,
			);
			sourceTree = "<group>";
		};
		46DEC9172CA71AE2007C9795 /* Products */ = {
			isa = PBXGroup;
			children = (
				46DEC9162CA71AE2007C9795 /* aula 08.app */,
				46DEC9262CA71AE4007C9795 /* aula 08Tests.xctest */,
				46DEC9302CA71AE4007C9795 /* aula 08UITests.xctest */,
			);
			name = Products;
			sourceTree = "<group>";
		};
		46DEC9182CA71AE2007C9795 /* aula 08 */ = {
			isa = PBXGroup;
			children = (
				46DEC9192CA71AE2007C9795 /* aula_08App.swift */,
				46DEC91B2CA71AE2007C9795 /* ContentView.swift */,
				46DEC91D2CA71AE3007C9795 /* Assets.xcassets */,
				46DEC9432CA71CE4007C9795 /* model.swift */,
				46DEC9472CA71D4F007C9795 /* ViewModel.swift */,
				46DEC91F2CA71AE3007C9795 /* Preview Content */,
				46DEC9492CA72611007C9795 /* tela02.swift */,
			);
			path = "aula 08";
			sourceTree = "<group>";
		};
		46DEC91F2CA71AE3007C9795 /* Preview Content */ = {
			isa = PBXGroup;
			children = (
				46DEC9202CA71AE3007C9795 /* Preview Assets.xcassets */,
			);
			path = "Preview Content";
			sourceTree = "<group>";
		};
		46DEC9292CA71AE4007C9795 /* aula 08Tests */ = {
			isa = PBXGroup;
			children = (
				46DEC92A2CA71AE4007C9795 /* aula_08Tests.swift */,
			);
			path = "aula 08Tests";
			sourceTree = "<group>";
		};
		46DEC9332CA71AE4007C9795 /* aula 08UITests */ = {
			isa = PBXGroup;
			children = (
				46DEC9342CA71AE4007C9795 /* aula_08UITests.swift */,
				46DEC9362CA71AE4007C9795 /* aula_08UITestsLaunchTests.swift */,
			);
			path = "aula 08UITests";
			sourceTree = "<group>";
		};
/* End PBXGroup section */

/* Begin PBXNativeTarget section */
		46DEC9152CA71AE2007C9795 /* aula 08 */ = {
			isa = PBXNativeTarget;
			buildConfigurationList = 46DEC93A2CA71AE4007C9795 /* Build configuration list for PBXNativeTarget "aula 08" */;
			buildPhases = (
				46DEC9122CA71AE2007C9795 /* Sources */,
				46DEC9132CA71AE2007C9795 /* Frameworks */,
				46DEC9142CA71AE2007C9795 /* Resources */,
			);
			buildRules = (
			);
			dependencies = (
			);
			name = "aula 08";
			productName = "aula 08";
			productReference = 46DEC9162CA71AE2007C9795 /* aula 08.app */;
			productType = "com.apple.product-type.application";
		};
		46DEC9252CA71AE4007C9795 /* aula 08Tests */ = {
			isa = PBXNativeTarget;
			buildConfigurationList = 46DEC93D2CA71AE4007C9795 /* Build configuration list for PBXNativeTarget "aula 08Tests" */;
			buildPhases = (
				46DEC9222CA71AE4007C9795 /* Sources */,
				46DEC9232CA71AE4007C9795 /* Frameworks */,
				46DEC9242CA71AE4007C9795 /* Resources */,
			);
			buildRules = (
			);
			dependencies = (
				46DEC9282CA71AE4007C9795 /* PBXTargetDependency */,
			);
			name = "aula 08Tests";
			productName = "aula 08Tests";
			productReference = 46DEC9262CA71AE4007C9795 /* aula 08Tests.xctest */;
			productType = "com.apple.product-type.bundle.unit-test";
		};
		46DEC92F2CA71AE4007C9795 /* aula 08UITests */ = {
			isa = PBXNativeTarget;
			buildConfigurationList = 46DEC9402CA71AE4007C9795 /* Build configuration list for PBXNativeTarget "aula 08UITests" */;
			buildPhases = (
				46DEC92C2CA71AE4007C9795 /* Sources */,
				46DEC92D2CA71AE4007C9795 /* Frameworks */,
				46DEC92E2CA71AE4007C9795 /* Resources */,
			);
			buildRules = (
			);
			dependencies = (
				46DEC9322CA71AE4007C9795 /* PBXTargetDependency */,
			);
			name = "aula 08UITests";
			productName = "aula 08UITests";
			productReference = 46DEC9302CA71AE4007C9795 /* aula 08UITests.xctest */;
			productType = "com.apple.product-type.bundle.ui-testing";
		};
/* End PBXNativeTarget section */

/* Begin PBXProject section */
		46DEC90E2CA71AE2007C9795 /* Project object */ = {
			isa = PBXProject;
			attributes = {
				BuildIndependentTargetsInParallel = 1;
				LastSwiftUpdateCheck = 1540;
				LastUpgradeCheck = 1540;
				TargetAttributes = {
					46DEC9152CA71AE2007C9795 = {
						CreatedOnToolsVersion = 15.4;
					};
					46DEC9252CA71AE4007C9795 = {
						CreatedOnToolsVersion = 15.4;
						TestTargetID = 46DEC9152CA71AE2007C9795;
					};
					46DEC92F2CA71AE4007C9795 = {
						CreatedOnToolsVersion = 15.4;
						TestTargetID = 46DEC9152CA71AE2007C9795;
					};
				};
			};
			buildConfigurationList = 46DEC9112CA71AE2007C9795 /* Build configuration list for PBXProject "aula 08" */;
			compatibilityVersion = "Xcode 14.0";
			developmentRegion = en;
			hasScannedForEncodings = 0;
			knownRegions = (
				en,
				Base,
			);
			mainGroup = 46DEC90D2CA71AE2007C9795;
			productRefGroup = 46DEC9172CA71AE2007C9795 /* Products */;
			projectDirPath = "";
			projectRoot = "";
			targets = (
				46DEC9152CA71AE2007C9795 /* aula 08 */,
				46DEC9252CA71AE4007C9795 /* aula 08Tests */,
				46DEC92F2CA71AE4007C9795 /* aula 08UITests */,
			);
		};
/* End PBXProject section */

/* Begin PBXResourcesBuildPhase section */
		46DEC9142CA71AE2007C9795 /* Resources */ = {
			isa = PBXResourcesBuildPhase;
			buildActionMask = 2147483647;
			files = (
				46DEC9212CA71AE3007C9795 /* Preview Assets.xcassets in Resources */,
				46DEC91E2CA71AE3007C9795 /* Assets.xcassets in Resources */,
			);
			runOnlyForDeploymentPostprocessing = 0;
		};
		46DEC9242CA71AE4007C9795 /* Resources */ = {
			isa = PBXResourcesBuildPhase;
			buildActionMask = 2147483647;
			files = (
			);
			runOnlyForDeploymentPostprocessing = 0;
		};
		46DEC92E2CA71AE4007C9795 /* Resources */ = {
			isa = PBXResourcesBuildPhase;
			buildActionMask = 2147483647;
			files = (
			);
			runOnlyForDeploymentPostprocessing = 0;
		};
/* End PBXResourcesBuildPhase section */

/* Begin PBXSourcesBuildPhase section */
		46DEC9122CA71AE2007C9795 /* Sources */ = {
			isa = PBXSourcesBuildPhase;
			buildActionMask = 2147483647;
			files = (
				46DEC94A2CA72611007C9795 /* tela02.swift in Sources */,
				46DEC91C2CA71AE2007C9795 /* ContentView.swift in Sources */,
				46DEC9462CA71CF7007C9795 /* model.swift in Sources */,
				46DEC9482CA71D4F007C9795 /* ViewModel.swift in Sources */,
				46DEC91A2CA71AE2007C9795 /* aula_08App.swift in Sources */,
			);
			runOnlyForDeploymentPostprocessing = 0;
		};
		46DEC9222CA71AE4007C9795 /* Sources */ = {
			isa = PBXSourcesBuildPhase;
			buildActionMask = 2147483647;
			files = (
				46DEC92B2CA71AE4007C9795 /* aula_08Tests.swift in Sources */,
			);
			runOnlyForDeploymentPostprocessing = 0;
		};
		46DEC92C2CA71AE4007C9795 /* Sources */ = {
			isa = PBXSourcesBuildPhase;
			buildActionMask = 2147483647;
			files = (
				46DEC9352CA71AE4007C9795 /* aula_08UITests.swift in Sources */,
				46DEC9372CA71AE4007C9795 /* aula_08UITestsLaunchTests.swift in Sources */,
			);
			runOnlyForDeploymentPostprocessing = 0;
		};
/* End PBXSourcesBuildPhase section */

/* Begin PBXTargetDependency section */
		46DEC9282CA71AE4007C9795 /* PBXTargetDependency */ = {
			isa = PBXTargetDependency;
			target = 46DEC9152CA71AE2007C9795 /* aula 08 */;
			targetProxy = 46DEC9272CA71AE4007C9795 /* PBXContainerItemProxy */;
		};
		46DEC9322CA71AE4007C9795 /* PBXTargetDependency */ = {
			isa = PBXTargetDependency;
			target = 46DEC9152CA71AE2007C9795 /* aula 08 */;
			targetProxy = 46DEC9312CA71AE4007C9795 /* PBXContainerItemProxy */;
		};
/* End PBXTargetDependency section */

/* Begin XCBuildConfiguration section */
		46DEC9382CA71AE4007C9795 /* Debug */ = {
			isa = XCBuildConfiguration;
			buildSettings = {
				ALWAYS_SEARCH_USER_PATHS = NO;
				ASSETCATALOG_COMPILER_GENERATE_SWIFT_ASSET_SYMBOL_EXTENSIONS = YES;
				CLANG_ANALYZER_NONNULL = YES;
				CLANG_ANALYZER_NUMBER_OBJECT_CONVERSION = YES_AGGRESSIVE;
				CLANG_CXX_LANGUAGE_STANDARD = "gnu++20";
				CLANG_ENABLE_MODULES = YES;
				CLANG_ENABLE_OBJC_ARC = YES;
				CLANG_ENABLE_OBJC_WEAK = YES;
				CLANG_WARN_BLOCK_CAPTURE_AUTORELEASING = YES;
				CLANG_WARN_BOOL_CONVERSION = YES;
				CLANG_WARN_COMMA = YES;
				CLANG_WARN_CONSTANT_CONVERSION = YES;
				CLANG_WARN_DEPRECATED_OBJC_IMPLEMENTATIONS = YES;
				CLANG_WARN_DIRECT_OBJC_ISA_USAGE = YES_ERROR;
				CLANG_WARN_DOCUMENTATION_COMMENTS = YES;
				CLANG_WARN_EMPTY_BODY = YES;
				CLANG_WARN_ENUM_CONVERSION = YES;
				CLANG_WARN_INFINITE_RECURSION = YES;
				CLANG_WARN_INT_CONVERSION = YES;
				CLANG_WARN_NON_LITERAL_NULL_CONVERSION = YES;
				CLANG_WARN_OBJC_IMPLICIT_RETAIN_SELF = YES;
				CLANG_WARN_OBJC_LITERAL_CONVERSION = YES;
				CLANG_WARN_OBJC_ROOT_CLASS = YES_ERROR;
				CLANG_WARN_QUOTED_INCLUDE_IN_FRAMEWORK_HEADER = YES;
				CLANG_WARN_RANGE_LOOP_ANALYSIS = YES;
				CLANG_WARN_STRICT_PROTOTYPES = YES;
				CLANG_WARN_SUSPICIOUS_MOVE = YES;
				CLANG_WARN_UNGUARDED_AVAILABILITY = YES_AGGRESSIVE;
				CLANG_WARN_UNREACHABLE_CODE = YES;
				CLANG_WARN__DUPLICATE_METHOD_MATCH = YES;
				COPY_PHASE_STRIP = NO;
				DEBUG_INFORMATION_FORMAT = dwarf;
				ENABLE_STRICT_OBJC_MSGSEND = YES;
				ENABLE_TESTABILITY = YES;
				ENABLE_USER_SCRIPT_SANDBOXING = YES;
				GCC_C_LANGUAGE_STANDARD = gnu17;
				GCC_DYNAMIC_NO_PIC = NO;
				GCC_NO_COMMON_BLOCKS = YES;
				GCC_OPTIMIZATION_LEVEL = 0;
				GCC_PREPROCESSOR_DEFINITIONS = (
					"DEBUG=1",
					"$(inherited)",
				);
				GCC_WARN_64_TO_32_BIT_CONVERSION = YES;
				GCC_WARN_ABOUT_RETURN_TYPE = YES_ERROR;
				GCC_WARN_UNDECLARED_SELECTOR = YES;
				GCC_WARN_UNINITIALIZED_AUTOS = YES_AGGRESSIVE;
				GCC_WARN_UNUSED_FUNCTION = YES;
				GCC_WARN_UNUSED_VARIABLE = YES;
				IPHONEOS_DEPLOYMENT_TARGET = 17.5;
				LOCALIZATION_PREFERS_STRING_CATALOGS = YES;
				MTL_ENABLE_DEBUG_INFO = INCLUDE_SOURCE;
				MTL_FAST_MATH = YES;
				ONLY_ACTIVE_ARCH = YES;
				SDKROOT = iphoneos;
				SWIFT_ACTIVE_COMPILATION_CONDITIONS = "DEBUG $(inherited)";
				SWIFT_OPTIMIZATION_LEVEL = "-Onone";
			};
			name = Debug;
		};
		46DEC9392CA71AE4007C9795 /* Release */ = {
			isa = XCBuildConfiguration;
			buildSettings = {
				ALWAYS_SEARCH_USER_PATHS = NO;
				ASSETCATALOG_COMPILER_GENERATE_SWIFT_ASSET_SYMBOL_EXTENSIONS = YES;
				CLANG_ANALYZER_NONNULL = YES;
				CLANG_ANALYZER_NUMBER_OBJECT_CONVERSION = YES_AGGRESSIVE;
				CLANG_CXX_LANGUAGE_STANDARD = "gnu++20";
				CLANG_ENABLE_MODULES = YES;
				CLANG_ENABLE_OBJC_ARC = YES;
				CLANG_ENABLE_OBJC_WEAK = YES;
				CLANG_WARN_BLOCK_CAPTURE_AUTORELEASING = YES;
				CLANG_WARN_BOOL_CONVERSION = YES;
				CLANG_WARN_COMMA = YES;
				CLANG_WARN_CONSTANT_CONVERSION = YES;
				CLANG_WARN_DEPRECATED_OBJC_IMPLEMENTATIONS = YES;
				CLANG_WARN_DIRECT_OBJC_ISA_USAGE = YES_ERROR;
				CLANG_WARN_DOCUMENTATION_COMMENTS = YES;
				CLANG_WARN_EMPTY_BODY = YES;
				CLANG_WARN_ENUM_CONVERSION = YES;
				CLANG_WARN_INFINITE_RECURSION = YES;
				CLANG_WARN_INT_CONVERSION = YES;
				CLANG_WARN_NON_LITERAL_NULL_CONVERSION = YES;
				CLANG_WARN_OBJC_IMPLICIT_RETAIN_SELF = YES;
				CLANG_WARN_OBJC_LITERAL_CONVERSION = YES;
				CLANG_WARN_OBJC_ROOT_CLASS = YES_ERROR;
				CLANG_WARN_QUOTED_INCLUDE_IN_FRAMEWORK_HEADER = YES;
				CLANG_WARN_RANGE_LOOP_ANALYSIS = YES;
				CLANG_WARN_STRICT_PROTOTYPES = YES;
				CLANG_WARN_SUSPICIOUS_MOVE = YES;
				CLANG_WARN_UNGUARDED_AVAILABILITY = YES_AGGRESSIVE;
				CLANG_WARN_UNREACHABLE_CODE = YES;
				CLANG_WARN__DUPLICATE_METHOD_MATCH = YES;
				COPY_PHASE_STRIP = NO;
				DEBUG_INFORMATION_FORMAT = "dwarf-with-dsym";
				ENABLE_NS_ASSERTIONS = NO;
				ENABLE_STRICT_OBJC_MSGSEND = YES;
				ENABLE_USER_SCRIPT_SANDBOXING = YES;
				GCC_C_LANGUAGE_STANDARD = gnu17;
				GCC_NO_COMMON_BLOCKS = YES;
				GCC_WARN_64_TO_32_BIT_CONVERSION = YES;
				GCC_WARN_ABOUT_RETURN_TYPE = YES_ERROR;
				GCC_WARN_UNDECLARED_SELECTOR = YES;
				GCC_WARN_UNINITIALIZED_AUTOS = YES_AGGRESSIVE;
				GCC_WARN_UNUSED_FUNCTION = YES;
				GCC_WARN_UNUSED_VARIABLE = YES;
				IPHONEOS_DEPLOYMENT_TARGET = 17.5;
				LOCALIZATION_PREFERS_STRING_CATALOGS = YES;
				MTL_ENABLE_DEBUG_INFO = NO;
				MTL_FAST_MATH = YES;
				SDKROOT = iphoneos;
				SWIFT_COMPILATION_MODE = wholemodule;
				VALIDATE_PRODUCT = YES;
			};
			name = Release;
		};
		46DEC93B2CA71AE4007C9795 /* Debug */ = {
			isa = XCBuildConfiguration;
			buildSettings = {
				ASSETCATALOG_COMPILER_APPICON_NAME = AppIcon;
				ASSETCATALOG_COMPILER_GLOBAL_ACCENT_COLOR_NAME = AccentColor;
				CODE_SIGN_STYLE = Automatic;
				CURRENT_PROJECT_VERSION = 1;
				DEVELOPMENT_ASSET_PATHS = "\"aula 08/Preview Content\"";
				ENABLE_PREVIEWS = YES;
				GENERATE_INFOPLIST_FILE = YES;
				INFOPLIST_KEY_UIApplicationSceneManifest_Generation = YES;
				INFOPLIST_KEY_UIApplicationSupportsIndirectInputEvents = YES;
				INFOPLIST_KEY_UILaunchScreen_Generation = YES;
				INFOPLIST_KEY_UISupportedInterfaceOrientations_iPad = "UIInterfaceOrientationPortrait UIInterfaceOrientationPortraitUpsideDown UIInterfaceOrientationLandscapeLeft UIInterfaceOrientationLandscapeRight";
				INFOPLIST_KEY_UISupportedInterfaceOrientations_iPhone = "UIInterfaceOrientationPortrait UIInterfaceOrientationLandscapeLeft UIInterfaceOrientationLandscapeRight";
				LD_RUNPATH_SEARCH_PATHS = (
					"$(inherited)",
					"@executable_path/Frameworks",
				);
				MARKETING_VERSION = 1.0;
				PRODUCT_BUNDLE_IDENTIFIER = "teste.aula-08";
				PRODUCT_NAME = "$(TARGET_NAME)";
				SWIFT_EMIT_LOC_STRINGS = YES;
				SWIFT_VERSION = 5.0;
				TARGETED_DEVICE_FAMILY = "1,2";
			};
			name = Debug;
		};
		46DEC93C2CA71AE4007C9795 /* Release */ = {
			isa = XCBuildConfiguration;
			buildSettings = {
				ASSETCATALOG_COMPILER_APPICON_NAME = AppIcon;
				ASSETCATALOG_COMPILER_GLOBAL_ACCENT_COLOR_NAME = AccentColor;
				CODE_SIGN_STYLE = Automatic;
				CURRENT_PROJECT_VERSION = 1;
				DEVELOPMENT_ASSET_PATHS = "\"aula 08/Preview Content\"";
				ENABLE_PREVIEWS = YES;
				GENERATE_INFOPLIST_FILE = YES;
				INFOPLIST_KEY_UIApplicationSceneManifest_Generation = YES;
				INFOPLIST_KEY_UIApplicationSupportsIndirectInputEvents = YES;
				INFOPLIST_KEY_UILaunchScreen_Generation = YES;
				INFOPLIST_KEY_UISupportedInterfaceOrientations_iPad = "UIInterfaceOrientationPortrait UIInterfaceOrientationPortraitUpsideDown UIInterfaceOrientationLandscapeLeft UIInterfaceOrientationLandscapeRight";
				INFOPLIST_KEY_UISupportedInterfaceOrientations_iPhone = "UIInterfaceOrientationPortrait UIInterfaceOrientationLandscapeLeft UIInterfaceOrientationLandscapeRight";
				LD_RUNPATH_SEARCH_PATHS = (
					"$(inherited)",
					"@executable_path/Frameworks",
				);
				MARKETING_VERSION = 1.0;
				PRODUCT_BUNDLE_IDENTIFIER = "teste.aula-08";
				PRODUCT_NAME = "$(TARGET_NAME)";
				SWIFT_EMIT_LOC_STRINGS = YES;
				SWIFT_VERSION = 5.0;
				TARGETED_DEVICE_FAMILY = "1,2";
			};
			name = Release;
		};
		46DEC93E2CA71AE4007C9795 /* Debug */ = {
			isa = XCBuildConfiguration;
			buildSettings = {
				ALWAYS_EMBED_SWIFT_STANDARD_LIBRARIES = YES;
				BUNDLE_LOADER = "$(TEST_HOST)";
				CODE_SIGN_STYLE = Automatic;
				CURRENT_PROJECT_VERSION = 1;
				GENERATE_INFOPLIST_FILE = YES;
				IPHONEOS_DEPLOYMENT_TARGET = 17.5;
				MARKETING_VERSION = 1.0;
				PRODUCT_BUNDLE_IDENTIFIER = "teste.aula-08Tests";
				PRODUCT_NAME = "$(TARGET_NAME)";
				SWIFT_EMIT_LOC_STRINGS = NO;
				SWIFT_VERSION = 5.0;
				TARGETED_DEVICE_FAMILY = "1,2";
				TEST_HOST = "$(BUILT_PRODUCTS_DIR)/aula 08.app/$(BUNDLE_EXECUTABLE_FOLDER_PATH)/aula 08";
			};
			name = Debug;
		};
		46DEC93F2CA71AE4007C9795 /* Release */ = {
			isa = XCBuildConfiguration;
			buildSettings = {
				ALWAYS_EMBED_SWIFT_STANDARD_LIBRARIES = YES;
				BUNDLE_LOADER = "$(TEST_HOST)";
				CODE_SIGN_STYLE = Automatic;
				CURRENT_PROJECT_VERSION = 1;
				GENERATE_INFOPLIST_FILE = YES;
				IPHONEOS_DEPLOYMENT_TARGET = 17.5;
				MARKETING_VERSION = 1.0;
				PRODUCT_BUNDLE_IDENTIFIER = "teste.aula-08Tests";
				PRODUCT_NAME = "$(TARGET_NAME)";
				SWIFT_EMIT_LOC_STRINGS = NO;
				SWIFT_VERSION = 5.0;
				TARGETED_DEVICE_FAMILY = "1,2";
				TEST_HOST = "$(BUILT_PRODUCTS_DIR)/aula 08.app/$(BUNDLE_EXECUTABLE_FOLDER_PATH)/aula 08";
			};
			name = Release;
		};
		46DEC9412CA71AE4007C9795 /* Debug */ = {
			isa = XCBuildConfiguration;
			buildSettings = {
				ALWAYS_EMBED_SWIFT_STANDARD_LIBRARIES = YES;
				CODE_SIGN_STYLE = Automatic;
				CURRENT_PROJECT_VERSION = 1;
				GENERATE_INFOPLIST_FILE = YES;
				MARKETING_VERSION = 1.0;
				PRODUCT_BUNDLE_IDENTIFIER = "teste.aula-08UITests";
				PRODUCT_NAME = "$(TARGET_NAME)";
				SWIFT_EMIT_LOC_STRINGS = NO;
				SWIFT_VERSION = 5.0;
				TARGETED_DEVICE_FAMILY = "1,2";
				TEST_TARGET_NAME = "aula 08";
			};
			name = Debug;
		};
		46DEC9422CA71AE4007C9795 /* Release */ = {
			isa = XCBuildConfiguration;
			buildSettings = {
				ALWAYS_EMBED_SWIFT_STANDARD_LIBRARIES = YES;
				CODE_SIGN_STYLE = Automatic;
				CURRENT_PROJECT_VERSION = 1;
				GENERATE_INFOPLIST_FILE = YES;
				MARKETING_VERSION = 1.0;
				PRODUCT_BUNDLE_IDENTIFIER = "teste.aula-08UITests";
				PRODUCT_NAME = "$(TARGET_NAME)";
				SWIFT_EMIT_LOC_STRINGS = NO;
				SWIFT_VERSION = 5.0;
				TARGETED_DEVICE_FAMILY = "1,2";
				TEST_TARGET_NAME = "aula 08";
			};
			name = Release;
		};
/* End XCBuildConfiguration section */

/* Begin XCConfigurationList section */
		46DEC9112CA71AE2007C9795 /* Build configuration list for PBXProject "aula 08" */ = {
			isa = XCConfigurationList;
			buildConfigurations = (
				46DEC9382CA71AE4007C9795 /* Debug */,
				46DEC9392CA71AE4007C9795 /* Release */,
			);
			defaultConfigurationIsVisible = 0;
			defaultConfigurationName = Release;
		};
		46DEC93A2CA71AE4007C9795 /* Build configuration list for PBXNativeTarget "aula 08" */ = {
			isa = XCConfigurationList;
			buildConfigurations = (
				46DEC93B2CA71AE4007C9795 /* Debug */,
				46DEC93C2CA71AE4007C9795 /* Release */,
			);
			defaultConfigurationIsVisible = 0;
			defaultConfigurationName = Release;
		};
		46DEC93D2CA71AE4007C9795 /* Build configuration list for PBXNativeTarget "aula 08Tests" */ = {
			isa = XCConfigurationList;
			buildConfigurations = (
				46DEC93E2CA71AE4007C9795 /* Debug */,
				46DEC93F2CA71AE4007C9795 /* Release */,
			);
			defaultConfigurationIsVisible = 0;
			defaultConfigurationName = Release;
		};
		46DEC9402CA71AE4007C9795 /* Build configuration list for PBXNativeTarget "aula 08UITests" */ = {
			isa = XCConfigurationList;
			buildConfigurations = (
				46DEC9412CA71AE4007C9795 /* Debug */,
				46DEC9422CA71AE4007C9795 /* Release */,
			);
			defaultConfigurationIsVisible = 0;
			defaultConfigurationName = Release;
		};
/* End XCConfigurationList section */
	};
	rootObject = 46DEC90E2CA71AE2007C9795 /* Project object */;
}
